
Microsoft Visual Studio Solution File, Format Version 12.00
# Visual Studio Version 17
VisualStudioVersion = 17.0.31903.59
MinimumVisualStudioVersion = 10.0.40219.1
Project("{2150E333-8FDC-42A3-9474-1A3956D46DE8}") = "tests", "tests", "{436D36A2-529F-4B72-BE25-020F6779DA0B}"
EndProject
Project("{FAE04EC0-301F-11D3-BF4B-00C04F79EFBC}") = "exe", "tests\exe\exe.csproj", "{1DFBD235-72C2-4AAE-9CFB-11CCBBE3F918}"
EndProject
Project("{FAE04EC0-301F-11D3-BF4B-00C04F79EFBC}") = "builder", "builder\builder.csproj", "{4E2A6D39-A422-4B8E-A056-BFCD95128CB2}"
EndProject
Project("{2150E333-8FDC-42A3-9474-1A3956D46DE8}") = "libs", "libs", "{7598F6F2-8CF6-4EB1-8627-BAFB5B2DAFE2}"
EndProject
Project("{FAE04EC0-301F-11D3-BF4B-00C04F79EFBC}") = "utils", "libs\utils\utils.csproj", "{36EA0DD5-F7B5-4907-8134-CBDAB585BB87}"
EndProject
Project("{FAE04EC0-301F-11D3-BF4B-00C04F79EFBC}") = "vinny-tests", "tests\vinny-tests\vinny-tests.csproj", "{B4114EFE-712E-4EAC-967E-E14BB1529F23}"
EndProject
Project("{2150E333-8FDC-42A3-9474-1A3956D46DE8}") = "tree-AST", "tree-AST", "{68E9E2A8-2AAE-4451-B49C-1FCB6DE64784}"
EndProject
Project("{FAE04EC0-301F-11D3-BF4B-00C04F79EFBC}") = "tree_lang", "tree-AST\lib\tree_lang.csproj", "{60B837F2-C337-4E6C-A66B-CF8F5D4B048C}"
EndProject
Project("{FAE04EC0-301F-11D3-BF4B-00C04F79EFBC}") = "tests", "tree-AST\tests\tests.csproj", "{7538BAF0-3349-4F9C-99EA-F0E6F8157EC9}"
EndProject
Global
	GlobalSection(SolutionConfigurationPlatforms) = preSolution
		Debug|Any CPU = Debug|Any CPU
		Release|Any CPU = Release|Any CPU
	EndGlobalSection
	GlobalSection(SolutionProperties) = preSolution
		HideSolutionNode = FALSE
	EndGlobalSection
	GlobalSection(ProjectConfigurationPlatforms) = postSolution
		{1DFBD235-72C2-4AAE-9CFB-11CCBBE3F918}.Debug|Any CPU.ActiveCfg = Debug|Any CPU
		{1DFBD235-72C2-4AAE-9CFB-11CCBBE3F918}.Debug|Any CPU.Build.0 = Debug|Any CPU
		{1DFBD235-72C2-4AAE-9CFB-11CCBBE3F918}.Release|Any CPU.ActiveCfg = Release|Any CPU
		{1DFBD235-72C2-4AAE-9CFB-11CCBBE3F918}.Release|Any CPU.Build.0 = Release|Any CPU
		{4E2A6D39-A422-4B8E-A056-BFCD95128CB2}.Debug|Any CPU.ActiveCfg = Debug|Any CPU
		{4E2A6D39-A422-4B8E-A056-BFCD95128CB2}.Debug|Any CPU.Build.0 = Debug|Any CPU
		{4E2A6D39-A422-4B8E-A056-BFCD95128CB2}.Release|Any CPU.ActiveCfg = Release|Any CPU
		{4E2A6D39-A422-4B8E-A056-BFCD95128CB2}.Release|Any CPU.Build.0 = Release|Any CPU
		{36EA0DD5-F7B5-4907-8134-CBDAB585BB87}.Debug|Any CPU.ActiveCfg = Debug|Any CPU
		{36EA0DD5-F7B5-4907-8134-CBDAB585BB87}.Debug|Any CPU.Build.0 = Debug|Any CPU
		{36EA0DD5-F7B5-4907-8134-CBDAB585BB87}.Release|Any CPU.ActiveCfg = Release|Any CPU
		{36EA0DD5-F7B5-4907-8134-CBDAB585BB87}.Release|Any CPU.Build.0 = Release|Any CPU
		{B4114EFE-712E-4EAC-967E-E14BB1529F23}.Debug|Any CPU.ActiveCfg = Debug|Any CPU
		{B4114EFE-712E-4EAC-967E-E14BB1529F23}.Debug|Any CPU.Build.0 = Debug|Any CPU
		{B4114EFE-712E-4EAC-967E-E14BB1529F23}.Release|Any CPU.ActiveCfg = Release|Any CPU
		{B4114EFE-712E-4EAC-967E-E14BB1529F23}.Release|Any CPU.Build.0 = Release|Any CPU
		{60B837F2-C337-4E6C-A66B-CF8F5D4B048C}.Debug|Any CPU.ActiveCfg = Debug|Any CPU
		{60B837F2-C337-4E6C-A66B-CF8F5D4B048C}.Debug|Any CPU.Build.0 = Debug|Any CPU
		{60B837F2-C337-4E6C-A66B-CF8F5D4B048C}.Release|Any CPU.ActiveCfg = Release|Any CPU
		{60B837F2-C337-4E6C-A66B-CF8F5D4B048C}.Release|Any CPU.Build.0 = Release|Any CPU
		{7538BAF0-3349-4F9C-99EA-F0E6F8157EC9}.Debug|Any CPU.ActiveCfg = Debug|Any CPU
		{7538BAF0-3349-4F9C-99EA-F0E6F8157EC9}.Debug|Any CPU.Build.0 = Debug|Any CPU
		{7538BAF0-3349-4F9C-99EA-F0E6F8157EC9}.Release|Any CPU.ActiveCfg = Release|Any CPU
		{7538BAF0-3349-4F9C-99EA-F0E6F8157EC9}.Release|Any CPU.Build.0 = Release|Any CPU
	EndGlobalSection
	GlobalSection(NestedProjects) = preSolution
		{1DFBD235-72C2-4AAE-9CFB-11CCBBE3F918} = {436D36A2-529F-4B72-BE25-020F6779DA0B}
		{36EA0DD5-F7B5-4907-8134-CBDAB585BB87} = {7598F6F2-8CF6-4EB1-8627-BAFB5B2DAFE2}
		{B4114EFE-712E-4EAC-967E-E14BB1529F23} = {436D36A2-529F-4B72-BE25-020F6779DA0B}
		{60B837F2-C337-4E6C-A66B-CF8F5D4B048C} = {68E9E2A8-2AAE-4451-B49C-1FCB6DE64784}
		{7538BAF0-3349-4F9C-99EA-F0E6F8157EC9} = {68E9E2A8-2AAE-4451-B49C-1FCB6DE64784}
	EndGlobalSection
EndGlobal
